
Microsoft Visual Studio Solution File, Format Version 12.00
# Visual Studio 2013
VisualStudioVersion = 12.0.31101.0
MinimumVisualStudioVersion = 10.0.40219.1
Project("{FAE04EC0-301F-11D3-BF4B-00C04F79EFBC}") = "SoundEffect", "SoundEffect\SoundEffect.csproj", "{5E6B10AE-A97E-489E-A611-87FD9D1F208A}"
EndProject
Project("{FAE04EC0-301F-11D3-BF4B-00C04F79EFBC}") = "XnaSoundEffect", "XnaSoundEffect\XnaSoundEffect.csproj", "{EBCCDFC9-B19E-47DF-9214-9D73E6CF6A5F}"
EndProject
Project("{FAE04EC0-301F-11D3-BF4B-00C04F79EFBC}") = "MediaElementSoundEffect", "MediaElementSoundEffect\MediaElementSoundEffect.csproj", "{60FD5409-EAA8-40AD-9EA9-E2568C1F7AD7}"
EndProject
Project("{8BC9CEB8-8B4A-11D0-8D11-00A0C91BC942}") = "XAudio2SoundEffect", "XAudio2SoundEffect\XAudio2SoundEffect.vcxproj", "{EFCDD68D-2470-4356-ADE9-D223C39327A0}"
EndProject
Global
	GlobalSection(SolutionConfigurationPlatforms) = preSolution
		Debug|Any CPU = Debug|Any CPU
		Debug|ARM = Debug|ARM
		Debug|Mixed Platforms = Debug|Mixed Platforms
		Debug|Win32 = Debug|Win32
		Debug|x86 = Debug|x86
		Release|Any CPU = Release|Any CPU
		Release|ARM = Release|ARM
		Release|Mixed Platforms = Release|Mixed Platforms
		Release|Win32 = Release|Win32
		Release|x86 = Release|x86
	EndGlobalSection
	GlobalSection(ProjectConfigurationPlatforms) = postSolution
		{5E6B10AE-A97E-489E-A611-87FD9D1F208A}.Debug|Any CPU.ActiveCfg = Debug|Any CPU
		{5E6B10AE-A97E-489E-A611-87FD9D1F208A}.Debug|Any CPU.Build.0 = Debug|Any CPU
		{5E6B10AE-A97E-489E-A611-87FD9D1F208A}.Debug|Any CPU.Deploy.0 = Debug|Any CPU
		{5E6B10AE-A97E-489E-A611-87FD9D1F208A}.Debug|ARM.ActiveCfg = Debug|ARM
		{5E6B10AE-A97E-489E-A611-87FD9D1F208A}.Debug|ARM.Build.0 = Debug|ARM
		{5E6B10AE-A97E-489E-A611-87FD9D1F208A}.Debug|ARM.Deploy.0 = Debug|ARM
		{5E6B10AE-A97E-489E-A611-87FD9D1F208A}.Debug|Mixed Platforms.ActiveCfg = Debug|x86
		{5E6B10AE-A97E-489E-A611-87FD9D1F208A}.Debug|Mixed Platforms.Build.0 = Debug|x86
		{5E6B10AE-A97E-489E-A611-87FD9D1F208A}.Debug|Mixed Platforms.Deploy.0 = Debug|x86
		{5E6B10AE-A97E-489E-A611-87FD9D1F208A}.Debug|Win32.ActiveCfg = Debug|x86
		{5E6B10AE-A97E-489E-A611-87FD9D1F208A}.Debug|Win32.Build.0 = Debug|x86
		{5E6B10AE-A97E-489E-A611-87FD9D1F208A}.Debug|Win32.Deploy.0 = Debug|x86
		{5E6B10AE-A97E-489E-A611-87FD9D1F208A}.Debug|x86.ActiveCfg = Debug|x86
		{5E6B10AE-A97E-489E-A611-87FD9D1F208A}.Debug|x86.Build.0 = Debug|x86
		{5E6B10AE-A97E-489E-A611-87FD9D1F208A}.Debug|x86.Deploy.0 = Debug|x86
		{5E6B10AE-A97E-489E-A611-87FD9D1F208A}.Release|Any CPU.ActiveCfg = Release|Any CPU
		{5E6B10AE-A97E-489E-A611-87FD9D1F208A}.Release|Any CPU.Build.0 = Release|Any CPU
		{5E6B10AE-A97E-489E-A611-87FD9D1F208A}.Release|Any CPU.Deploy.0 = Release|Any CPU
		{5E6B10AE-A97E-489E-A611-87FD9D1F208A}.Release|ARM.ActiveCfg = Release|ARM
		{5E6B10AE-A97E-489E-A611-87FD9D1F208A}.Release|ARM.Build.0 = Release|ARM
		{5E6B10AE-A97E-489E-A611-87FD9D1F208A}.Release|ARM.Deploy.0 = Release|ARM
		{5E6B10AE-A97E-489E-A611-87FD9D1F208A}.Release|Mixed Platforms.ActiveCfg = Release|x86
		{5E6B10AE-A97E-489E-A611-87FD9D1F208A}.Release|Mixed Platforms.Build.0 = Release|x86
		{5E6B10AE-A97E-489E-A611-87FD9D1F208A}.Release|Mixed Platforms.Deploy.0 = Release|x86
		{5E6B10AE-A97E-489E-A611-87FD9D1F208A}.Release|Win32.ActiveCfg = Release|x86
		{5E6B10AE-A97E-489E-A611-87FD9D1F208A}.Release|Win32.Build.0 = Release|x86
		{5E6B10AE-A97E-489E-A611-87FD9D1F208A}.Release|Win32.Deploy.0 = Release|x86
		{5E6B10AE-A97E-489E-A611-87FD9D1F208A}.Release|x86.ActiveCfg = Release|x86
		{5E6B10AE-A97E-489E-A611-87FD9D1F208A}.Release|x86.Build.0 = Release|x86
		{5E6B10AE-A97E-489E-A611-87FD9D1F208A}.Release|x86.Deploy.0 = Release|x86
		{EBCCDFC9-B19E-47DF-9214-9D73E6CF6A5F}.Debug|Any CPU.ActiveCfg = Debug|Any CPU
		{EBCCDFC9-B19E-47DF-9214-9D73E6CF6A5F}.Debug|Any CPU.Build.0 = Debug|Any CPU
		{EBCCDFC9-B19E-47DF-9214-9D73E6CF6A5F}.Debug|Any CPU.Deploy.0 = Debug|Any CPU
		{EBCCDFC9-B19E-47DF-9214-9D73E6CF6A5F}.Debug|ARM.ActiveCfg = Debug|ARM
		{EBCCDFC9-B19E-47DF-9214-9D73E6CF6A5F}.Debug|ARM.Build.0 = Debug|ARM
		{EBCCDFC9-B19E-47DF-9214-9D73E6CF6A5F}.Debug|ARM.Deploy.0 = Debug|ARM
		{EBCCDFC9-B19E-47DF-9214-9D73E6CF6A5F}.Debug|Mixed Platforms.ActiveCfg = Debug|x86
		{EBCCDFC9-B19E-47DF-9214-9D73E6CF6A5F}.Debug|Mixed Platforms.Build.0 = Debug|x86
		{EBCCDFC9-B19E-47DF-9214-9D73E6CF6A5F}.Debug|Mixed Platforms.Deploy.0 = Debug|x86
		{EBCCDFC9-B19E-47DF-9214-9D73E6CF6A5F}.Debug|Win32.ActiveCfg = Debug|x86
		{EBCCDFC9-B19E-47DF-9214-9D73E6CF6A5F}.Debug|Win32.Build.0 = Debug|x86
		{EBCCDFC9-B19E-47DF-9214-9D73E6CF6A5F}.Debug|Win32.Deploy.0 = Debug|x86
		{EBCCDFC9-B19E-47DF-9214-9D73E6CF6A5F}.Debug|x86.ActiveCfg = Debug|x86
		{EBCCDFC9-B19E-47DF-9214-9D73E6CF6A5F}.Debug|x86.Build.0 = Debug|x86
		{EBCCDFC9-B19E-47DF-9214-9D73E6CF6A5F}.Debug|x86.Deploy.0 = Debug|x86
		{EBCCDFC9-B19E-47DF-9214-9D73E6CF6A5F}.Release|Any CPU.ActiveCfg = Release|Any CPU
		{EBCCDFC9-B19E-47DF-9214-9D73E6CF6A5F}.Release|Any CPU.Build.0 = Release|Any CPU
		{EBCCDFC9-B19E-47DF-9214-9D73E6CF6A5F}.Release|Any CPU.Deploy.0 = Release|Any CPU
		{EBCCDFC9-B19E-47DF-9214-9D73E6CF6A5F}.Release|ARM.ActiveCfg = Release|ARM
		{EBCCDFC9-B19E-47DF-9214-9D73E6CF6A5F}.Release|ARM.Build.0 = Release|ARM
		{EBCCDFC9-B19E-47DF-9214-9D73E6CF6A5F}.Release|ARM.Deploy.0 = Release|ARM
		{EBCCDFC9-B19E-47DF-9214-9D73E6CF6A5F}.Release|Mixed Platforms.ActiveCfg = Release|x86
		{EBCCDFC9-B19E-47DF-9214-9D73E6CF6A5F}.Release|Mixed Platforms.Build.0 = Release|x86
		{EBCCDFC9-B19E-47DF-9214-9D73E6CF6A5F}.Release|Mixed Platforms.Deploy.0 = Release|x86
		{EBCCDFC9-B19E-47DF-9214-9D73E6CF6A5F}.Release|Win32.ActiveCfg = Release|x86
		{EBCCDFC9-B19E-47DF-9214-9D73E6CF6A5F}.Release|Win32.Build.0 = Release|x86
		{EBCCDFC9-B19E-47DF-9214-9D73E6CF6A5F}.Release|Win32.Deploy.0 = Release|x86
		{EBCCDFC9-B19E-47DF-9214-9D73E6CF6A5F}.Release|x86.ActiveCfg = Release|x86
		{EBCCDFC9-B19E-47DF-9214-9D73E6CF6A5F}.Release|x86.Build.0 = Release|x86
		{EBCCDFC9-B19E-47DF-9214-9D73E6CF6A5F}.Release|x86.Deploy.0 = Release|x86
		{60FD5409-EAA8-40AD-9EA9-E2568C1F7AD7}.Debug|Any CPU.ActiveCfg = Debug|Any CPU
		{60FD5409-EAA8-40AD-9EA9-E2568C1F7AD7}.Debug|Any CPU.Build.0 = Debug|Any CPU
		{60FD5409-EAA8-40AD-9EA9-E2568C1F7AD7}.Debug|Any CPU.Deploy.0 = Debug|Any CPU
		{60FD5409-EAA8-40AD-9EA9-E2568C1F7AD7}.Debug|ARM.ActiveCfg = Debug|ARM
		{60FD5409-EAA8-40AD-9EA9-E2568C1F7AD7}.Debug|ARM.Build.0 = Debug|ARM
		{60FD5409-EAA8-40AD-9EA9-E2568C1F7AD7}.Debug|ARM.Deploy.0 = Debug|ARM
		{60FD5409-EAA8-40AD-9EA9-E2568C1F7AD7}.Debug|Mixed Platforms.ActiveCfg = Debug|x86
		{60FD5409-EAA8-40AD-9EA9-E2568C1F7AD7}.Debug|Mixed Platforms.Build.0 = Debug|x86
		{60FD5409-EAA8-40AD-9EA9-E2568C1F7AD7}.Debug|Mixed Platforms.Deploy.0 = Debug|x86
		{60FD5409-EAA8-40AD-9EA9-E2568C1F7AD7}.Debug|Win32.ActiveCfg = Debug|x86
		{60FD5409-EAA8-40AD-9EA9-E2568C1F7AD7}.Debug|Win32.Build.0 = Debug|x86
		{60FD5409-EAA8-40AD-9EA9-E2568C1F7AD7}.Debug|Win32.Deploy.0 = Debug|x86
		{60FD5409-EAA8-40AD-9EA9-E2568C1F7AD7}.Debug|x86.ActiveCfg = Debug|x86
		{60FD5409-EAA8-40AD-9EA9-E2568C1F7AD7}.Debug|x86.Build.0 = Debug|x86
		{60FD5409-EAA8-40AD-9EA9-E2568C1F7AD7}.Debug|x86.Deploy.0 = Debug|x86
		{60FD5409-EAA8-40AD-9EA9-E2568C1F7AD7}.Release|Any CPU.ActiveCfg = Release|Any CPU
		{60FD5409-EAA8-40AD-9EA9-E2568C1F7AD7}.Release|Any CPU.Build.0 = Release|Any CPU
		{60FD5409-EAA8-40AD-9EA9-E2568C1F7AD7}.Release|Any CPU.Deploy.0 = Release|Any CPU
		{60FD5409-EAA8-40AD-9EA9-E2568C1F7AD7}.Release|ARM.ActiveCfg = Release|ARM
		{60FD5409-EAA8-40AD-9EA9-E2568C1F7AD7}.Release|ARM.Build.0 = Release|ARM
		{60FD5409-EAA8-40AD-9EA9-E2568C1F7AD7}.Release|ARM.Deploy.0 = Release|ARM
		{60FD5409-EAA8-40AD-9EA9-E2568C1F7AD7}.Release|Mixed Platforms.ActiveCfg = Release|x86
		{60FD5409-EAA8-40AD-9EA9-E2568C1F7AD7}.Release|Mixed Platforms.Build.0 = Release|x86
		{60FD5409-EAA8-40AD-9EA9-E2568C1F7AD7}.Release|Mixed Platforms.Deploy.0 = Release|x86
		{60FD5409-EAA8-40AD-9EA9-E2568C1F7AD7}.Release|Win32.ActiveCfg = Release|x86
		{60FD5409-EAA8-40AD-9EA9-E2568C1F7AD7}.Release|Win32.Build.0 = Release|x86
		{60FD5409-EAA8-40AD-9EA9-E2568C1F7AD7}.Release|Win32.Deploy.0 = Release|x86
		{60FD5409-EAA8-40AD-9EA9-E2568C1F7AD7}.Release|x86.ActiveCfg = Release|x86
		{60FD5409-EAA8-40AD-9EA9-E2568C1F7AD7}.Release|x86.Build.0 = Release|x86
		{60FD5409-EAA8-40AD-9EA9-E2568C1F7AD7}.Release|x86.Deploy.0 = Release|x86
		{EFCDD68D-2470-4356-ADE9-D223C39327A0}.Debug|Any CPU.ActiveCfg = Debug|Win32
		{EFCDD68D-2470-4356-ADE9-D223C39327A0}.Debug|ARM.ActiveCfg = Debug|ARM
		{EFCDD68D-2470-4356-ADE9-D223C39327A0}.Debug|ARM.Build.0 = Debug|ARM
		{EFCDD68D-2470-4356-ADE9-D223C39327A0}.Debug|Mixed Platforms.ActiveCfg = Debug|Win32
		{EFCDD68D-2470-4356-ADE9-D223C39327A0}.Debug|Mixed Platforms.Build.0 = Debug|Win32
		{EFCDD68D-2470-4356-ADE9-D223C39327A0}.Debug|Win32.ActiveCfg = Debug|Win32
		{EFCDD68D-2470-4356-ADE9-D223C39327A0}.Debug|Win32.Build.0 = Debug|Win32
		{EFCDD68D-2470-4356-ADE9-D223C39327A0}.Debug|x86.ActiveCfg = Debug|Win32
		{EFCDD68D-2470-4356-ADE9-D223C39327A0}.Debug|x86.Build.0 = Debug|Win32
		{EFCDD68D-2470-4356-ADE9-D223C39327A0}.Release|Any CPU.ActiveCfg = Release|Win32
		{EFCDD68D-2470-4356-ADE9-D223C39327A0}.Release|ARM.ActiveCfg = Release|ARM
		{EFCDD68D-2470-4356-ADE9-D223C39327A0}.Release|ARM.Build.0 = Release|ARM
		{EFCDD68D-2470-4356-ADE9-D223C39327A0}.Release|Mixed Platforms.ActiveCfg = Release|Win32
		{EFCDD68D-2470-4356-ADE9-D223C39327A0}.Release|Mixed Platforms.Build.0 = Release|Win32
		{EFCDD68D-2470-4356-ADE9-D223C39327A0}.Release|Win32.ActiveCfg = Release|Win32
		{EFCDD68D-2470-4356-ADE9-D223C39327A0}.Release|Win32.Build.0 = Release|Win32
		{EFCDD68D-2470-4356-ADE9-D223C39327A0}.Release|x86.ActiveCfg = Release|Win32
		{EFCDD68D-2470-4356-ADE9-D223C39327A0}.Release|x86.Build.0 = Release|Win32
	EndGlobalSection
	GlobalSection(SolutionProperties) = preSolution
		HideSolutionNode = FALSE
	EndGlobalSection
EndGlobal
